// !$*UTF8*$!
{
	archiveVersion = 1;
	classes = {
	};
	objectVersion = 48;
	objects = {

/* Begin PBXBuildFile section */
		1976ECBA1F7F26BC00A15BE4 /* LoginViewController.m in Sources */ = {isa = PBXBuildFile; fileRef = 1976ECB91F7F26BC00A15BE4 /* LoginViewController.m */; };
		1976ECBC1F7F26E100A15BE4 /* LoginStoryboard.storyboard in Resources */ = {isa = PBXBuildFile; fileRef = 1976ECBB1F7F26E100A15BE4 /* LoginStoryboard.storyboard */; };
		1976ECD71F7F3F7500A15BE4 /* TrafficAssistantViewController.m in Sources */ = {isa = PBXBuildFile; fileRef = 1976ECD61F7F3F7500A15BE4 /* TrafficAssistantViewController.m */; };
		1976ECE01F7F49C200A15BE4 /* PersonInfo.m in Sources */ = {isa = PBXBuildFile; fileRef = 1976ECDA1F7F49C200A15BE4 /* PersonInfo.m */; };
		1976ECE11F7F49C200A15BE4 /* RoleInfo.m in Sources */ = {isa = PBXBuildFile; fileRef = 1976ECDC1F7F49C200A15BE4 /* RoleInfo.m */; };
		1976ECE21F7F49C200A15BE4 /* UserInfo.m in Sources */ = {isa = PBXBuildFile; fileRef = 1976ECDE1F7F49C200A15BE4 /* UserInfo.m */; };
		1976ECEE1F7F76FA00A15BE4 /* RenterViewController.m in Sources */ = {isa = PBXBuildFile; fileRef = 1976ECED1F7F76FA00A15BE4 /* RenterViewController.m */; };
		1976ECF11F7F770900A15BE4 /* LandlordViewController.m in Sources */ = {isa = PBXBuildFile; fileRef = 1976ECF01F7F770900A15BE4 /* LandlordViewController.m */; };
		1976ECF41F7F77ED00A15BE4 /* WindowClerkViewController.m in Sources */ = {isa = PBXBuildFile; fileRef = 1976ECF31F7F77ED00A15BE4 /* WindowClerkViewController.m */; };
		1976ECF51F7F78B700A15BE4 /* NetworkingManager.m in Sources */ = {isa = PBXBuildFile; fileRef = 1BA842691F7F463400D4221B /* NetworkingManager.m */; };
		19B707E81F7E2E2E0086C565 /* LoginVC.m in Sources */ = {isa = PBXBuildFile; fileRef = 19B707E71F7E2E2E0086C565 /* LoginVC.m */; };
		19B707EB1F7E2E2E0086C565 /* Main.storyboard in Resources */ = {isa = PBXBuildFile; fileRef = 19B707E91F7E2E2E0086C565 /* Main.storyboard */; };
		19B707ED1F7E2E2E0086C565 /* Assets.xcassets in Resources */ = {isa = PBXBuildFile; fileRef = 19B707EC1F7E2E2E0086C565 /* Assets.xcassets */; };
		19B707F01F7E2E2E0086C565 /* LaunchScreen.storyboard in Resources */ = {isa = PBXBuildFile; fileRef = 19B707EE1F7E2E2E0086C565 /* LaunchScreen.storyboard */; };
		19B707F31F7E2E2E0086C565 /* main.m in Sources */ = {isa = PBXBuildFile; fileRef = 19B707F21F7E2E2E0086C565 /* main.m */; };
		19B707FD1F7E35FC0086C565 /* AppDelegate.m in Sources */ = {isa = PBXBuildFile; fileRef = 19B707FC1F7E35FC0086C565 /* AppDelegate.m */; };
		1B0260AE1F81E4F8000A4411 /* FDOrPTYHVC.m in Sources */ = {isa = PBXBuildFile; fileRef = 1B0260AD1F81E4F8000A4411 /* FDOrPTYHVC.m */; };
		1B0260B11F81FE13000A4411 /* SettingVC.m in Sources */ = {isa = PBXBuildFile; fileRef = 1B0260B01F81FE13000A4411 /* SettingVC.m */; };
		1B0260B41F820A79000A4411 /* ModifyPswVC.m in Sources */ = {isa = PBXBuildFile; fileRef = 1B0260B31F820A79000A4411 /* ModifyPswVC.m */; };
		1B219C3D1F827FD4007FFEA5 /* HETForgetPasswordOneController.m in Sources */ = {isa = PBXBuildFile; fileRef = 1BC4B8F31F827C8500CFCD2B /* HETForgetPasswordOneController.m */; };
		1B219C3E1F827FD7007FFEA5 /* HETForgetPasswordThreeController.m in Sources */ = {isa = PBXBuildFile; fileRef = 1BC4B8F51F827C8500CFCD2B /* HETForgetPasswordThreeController.m */; };
		1B219C3F1F827FDA007FFEA5 /* HETForgetPasswordTwoController.m in Sources */ = {isa = PBXBuildFile; fileRef = 1BC4B8F71F827C8500CFCD2B /* HETForgetPasswordTwoController.m */; };
		1B219C401F827FDD007FFEA5 /* HETForgetPasswordViewModel.m in Sources */ = {isa = PBXBuildFile; fileRef = 1BC4B8F91F827C8500CFCD2B /* HETForgetPasswordViewModel.m */; };
		1BAE264A1F80AA21004D3F22 /* NJDPopLoading.m in Sources */ = {isa = PBXBuildFile; fileRef = 1BAE26451F80A43B004D3F22 /* NJDPopLoading.m */; };
		1BAE264B1F80AA26004D3F22 /* NJDRefreshHeader.m in Sources */ = {isa = PBXBuildFile; fileRef = 1BAE26471F80A43B004D3F22 /* NJDRefreshHeader.m */; };
		1BAE264E1F80AA90004D3F22 /* HETSleepActivityIndicatorView.m in Sources */ = {isa = PBXBuildFile; fileRef = 1BAE264C1F80AA90004D3F22 /* HETSleepActivityIndicatorView.m */; };
		1BAE26511F80AC0A004D3F22 /* MBProgressHUD+NJDProgressHUD.m in Sources */ = {isa = PBXBuildFile; fileRef = 1BAE26501F80AC0A004D3F22 /* MBProgressHUD+NJDProgressHUD.m */; };
		1BAE26551F80C090004D3F22 /* IDCardVC.m in Sources */ = {isa = PBXBuildFile; fileRef = 1BAE26541F80C090004D3F22 /* IDCardVC.m */; };
		1BB776831F847E130029A861 /* SubmitCell.m in Sources */ = {isa = PBXBuildFile; fileRef = 1BB776821F847E130029A861 /* SubmitCell.m */; };
		1BB776861F84C0BF0029A861 /* DayPicker.m in Sources */ = {isa = PBXBuildFile; fileRef = 1BB776851F84C0BF0029A861 /* DayPicker.m */; };
		1BB7768A1F84F8100029A861 /* SubmitCell4.m in Sources */ = {isa = PBXBuildFile; fileRef = 1BB776881F84F8100029A861 /* SubmitCell4.m */; };
		1BB7768B1F84F8100029A861 /* SubmitCell4.xib in Resources */ = {isa = PBXBuildFile; fileRef = 1BB776891F84F8100029A861 /* SubmitCell4.xib */; };
		1BB7768E1F84FE360029A861 /* ChilderSubmitView.m in Sources */ = {isa = PBXBuildFile; fileRef = 1BB7768D1F84FE360029A861 /* ChilderSubmitView.m */; };
		1BB776921F851FC10029A861 /* SubmitCell5.m in Sources */ = {isa = PBXBuildFile; fileRef = 1BB776901F851FC10029A861 /* SubmitCell5.m */; };
		1BB776931F851FC10029A861 /* SubmitCell5.xib in Resources */ = {isa = PBXBuildFile; fileRef = 1BB776911F851FC10029A861 /* SubmitCell5.xib */; };
		1BB776971F8530CD0029A861 /* imgsCell.m in Sources */ = {isa = PBXBuildFile; fileRef = 1BB776951F8530CD0029A861 /* imgsCell.m */; };
		1BB776981F8530CD0029A861 /* imgsCell.xib in Resources */ = {isa = PBXBuildFile; fileRef = 1BB776961F8530CD0029A861 /* imgsCell.xib */; };
		1BC4B8EE1F824E4500CFCD2B /* AppDelegate+Login.m in Sources */ = {isa = PBXBuildFile; fileRef = 1BC4B8ED1F824E4500CFCD2B /* AppDelegate+Login.m */; };
		1BC5FFD81F86051E0088EBFD /* TermVC.m in Sources */ = {isa = PBXBuildFile; fileRef = 1BC5FFD61F86051E0088EBFD /* TermVC.m */; };
		1BC5FFD91F86051E0088EBFD /* TermVC.xib in Resources */ = {isa = PBXBuildFile; fileRef = 1BC5FFD71F86051E0088EBFD /* TermVC.xib */; };
		1BC5FFDA1F860CC10088EBFD /* description.html in Resources */ = {isa = PBXBuildFile; fileRef = 1BC5FFD41F8604AF0088EBFD /* description.html */; };
		1BD459F11F7FC06D00A5B031 /* NJDBaseController.m in Sources */ = {isa = PBXBuildFile; fileRef = 1BD459F01F7FC06A00A5B031 /* NJDBaseController.m */; };
		1BD459F21F7FC07000A5B031 /* GlobleMacro.m in Sources */ = {isa = PBXBuildFile; fileRef = 1BD459EA1F7FC02500A5B031 /* GlobleMacro.m */; };
		1BD459F61F7FC3B800A5B031 /* NJDNavgationController.m in Sources */ = {isa = PBXBuildFile; fileRef = 1BD459F51F7FC3B800A5B031 /* NJDNavgationController.m */; };
		1BD459FB1F7FF94400A5B031 /* RegisterVC.m in Sources */ = {isa = PBXBuildFile; fileRef = 1BD459FA1F7FF94400A5B031 /* RegisterVC.m */; };
		1BD82C321F810624006D6ADC /* NSString+Utils.m in Sources */ = {isa = PBXBuildFile; fileRef = 1BD82C311F810621006D6ADC /* NSString+Utils.m */; };
		1BD82C371F81354B006D6ADC /* NSManagedObject+EntityBugFix.m in Sources */ = {isa = PBXBuildFile; fileRef = 1BD82C361F813549006D6ADC /* NSManagedObject+EntityBugFix.m */; };
		1BD82C3A1F8135EC006D6ADC /* Model.xcdatamodeld in Sources */ = {isa = PBXBuildFile; fileRef = 1BD82C381F8135EC006D6ADC /* Model.xcdatamodeld */; };
		1BD82C6B1F81437E006D6ADC /* NJDPersonInfoMO+CoreDataClass.m in Sources */ = {isa = PBXBuildFile; fileRef = 1BD82C671F814373006D6ADC /* NJDPersonInfoMO+CoreDataClass.m */; };
		1BD82C6C1F814382006D6ADC /* NJDPersonInfoMO+CoreDataProperties.m in Sources */ = {isa = PBXBuildFile; fileRef = 1BD82C601F814372006D6ADC /* NJDPersonInfoMO+CoreDataProperties.m */; };
		1BD82C6D1F814388006D6ADC /* NJDRoleInfoMO+CoreDataClass.m in Sources */ = {isa = PBXBuildFile; fileRef = 1BD82C611F814372006D6ADC /* NJDRoleInfoMO+CoreDataClass.m */; };
		1BD82C6E1F81438D006D6ADC /* NJDRoleInfoMO+CoreDataProperties.m in Sources */ = {isa = PBXBuildFile; fileRef = 1BD82C651F814373006D6ADC /* NJDRoleInfoMO+CoreDataProperties.m */; };
		1BD82C6F1F814391006D6ADC /* NJDUserInfoMO+CoreDataClass.m in Sources */ = {isa = PBXBuildFile; fileRef = 1BD82C6A1F814373006D6ADC /* NJDUserInfoMO+CoreDataClass.m */; };
		1BD82C701F814394006D6ADC /* NJDUserInfoMO+CoreDataProperties.m in Sources */ = {isa = PBXBuildFile; fileRef = 1BD82C631F814373006D6ADC /* NJDUserInfoMO+CoreDataProperties.m */; };
		1BDEABF01F84758600B61640 /* SubmitCell1.m in Sources */ = {isa = PBXBuildFile; fileRef = 1BDEABEE1F84758600B61640 /* SubmitCell1.m */; };
		1BDEABF11F84758600B61640 /* SubmitCell1.xib in Resources */ = {isa = PBXBuildFile; fileRef = 1BDEABEF1F84758600B61640 /* SubmitCell1.xib */; };
		1BDEABF51F847A1A00B61640 /* SubmitCell2.m in Sources */ = {isa = PBXBuildFile; fileRef = 1BDEABF31F847A1A00B61640 /* SubmitCell2.m */; };
		1BDEABF61F847A1A00B61640 /* SubmitCell2.xib in Resources */ = {isa = PBXBuildFile; fileRef = 1BDEABF41F847A1A00B61640 /* SubmitCell2.xib */; };
		1BDEABFA1F847CAF00B61640 /* BNRTapLabel.m in Sources */ = {isa = PBXBuildFile; fileRef = 1BDEABF91F847CAB00B61640 /* BNRTapLabel.m */; };
		1BDEABFE1F847CE500B61640 /* SubmitCell3.m in Sources */ = {isa = PBXBuildFile; fileRef = 1BDEABFC1F847CE500B61640 /* SubmitCell3.m */; };
		1BDEABFF1F847CE500B61640 /* SubmitCell3.xib in Resources */ = {isa = PBXBuildFile; fileRef = 1BDEABFD1F847CE500B61640 /* SubmitCell3.xib */; };
		1BDFB5361F83EA82006012F7 /* SubmitVC.m in Sources */ = {isa = PBXBuildFile; fileRef = 1BDFB5341F83EA82006012F7 /* SubmitVC.m */; };
		1BDFB5371F83EA82006012F7 /* SubmitVC.xib in Resources */ = {isa = PBXBuildFile; fileRef = 1BDFB5351F83EA82006012F7 /* SubmitVC.xib */; };
		1BF3C2671F8334AA009F07CC /* HouseManagerVC.m in Sources */ = {isa = PBXBuildFile; fileRef = 1BF3C2661F8334AA009F07CC /* HouseManagerVC.m */; };
		1BF3C26B1F834AA5009F07CC /* AddressSelectView.m in Sources */ = {isa = PBXBuildFile; fileRef = 1BF3C26A1F834AA5009F07CC /* AddressSelectView.m */; };
		1BF3C26D1F834AB8009F07CC /* Views.xib in Resources */ = {isa = PBXBuildFile; fileRef = 1BF3C26C1F834AB8009F07CC /* Views.xib */; };
		1BF3C2701F835930009F07CC /* AddAddressView.m in Sources */ = {isa = PBXBuildFile; fileRef = 1BF3C26F1F835930009F07CC /* AddAddressView.m */; };
		1BF3C2731F83ACF0009F07CC /* PickView1.m in Sources */ = {isa = PBXBuildFile; fileRef = 1BF3C2721F83ACF0009F07CC /* PickView1.m */; };
		8C977858DB967F530B9E8316 /* libPods-NJDHome.a in Frameworks */ = {isa = PBXBuildFile; fileRef = 9DF3A83F0A5854B841FD67C7 /* libPods-NJDHome.a */; };
/* End PBXBuildFile section */

/* Begin PBXFileReference section */
		09D79BB739306A2B5A9B0F0A /* Pods-NJDHome.debug.xcconfig */ = {isa = PBXFileReference; includeInIndex = 1; lastKnownFileType = text.xcconfig; name = "Pods-NJDHome.debug.xcconfig"; path = "Pods/Target Support Files/Pods-NJDHome/Pods-NJDHome.debug.xcconfig"; sourceTree = "<group>"; };
		1976ECB81F7F26BC00A15BE4 /* LoginViewController.h */ = {isa = PBXFileReference; lastKnownFileType = sourcecode.c.h; path = LoginViewController.h; sourceTree = "<group>"; };
		1976ECB91F7F26BC00A15BE4 /* LoginViewController.m */ = {isa = PBXFileReference; lastKnownFileType = sourcecode.c.objc; path = LoginViewController.m; sourceTree = "<group>"; };
		1976ECBB1F7F26E100A15BE4 /* LoginStoryboard.storyboard */ = {isa = PBXFileReference; lastKnownFileType = file.storyboard; path = LoginStoryboard.storyboard; sourceTree = "<group>"; };
		1976ECD51F7F3F7500A15BE4 /* TrafficAssistantViewController.h */ = {isa = PBXFileReference; fileEncoding = 4; lastKnownFileType = sourcecode.c.h; path = TrafficAssistantViewController.h; sourceTree = "<group>"; };
		1976ECD61F7F3F7500A15BE4 /* TrafficAssistantViewController.m */ = {isa = PBXFileReference; fileEncoding = 4; lastKnownFileType = sourcecode.c.objc; path = TrafficAssistantViewController.m; sourceTree = "<group>"; };
		1976ECD91F7F49C200A15BE4 /* PersonInfo.h */ = {isa = PBXFileReference; fileEncoding = 4; lastKnownFileType = sourcecode.c.h; path = PersonInfo.h; sourceTree = "<group>"; };
		1976ECDA1F7F49C200A15BE4 /* PersonInfo.m */ = {isa = PBXFileReference; fileEncoding = 4; lastKnownFileType = sourcecode.c.objc; path = PersonInfo.m; sourceTree = "<group>"; };
		1976ECDB1F7F49C200A15BE4 /* RoleInfo.h */ = {isa = PBXFileReference; fileEncoding = 4; lastKnownFileType = sourcecode.c.h; path = RoleInfo.h; sourceTree = "<group>"; };
		1976ECDC1F7F49C200A15BE4 /* RoleInfo.m */ = {isa = PBXFileReference; fileEncoding = 4; lastKnownFileType = sourcecode.c.objc; path = RoleInfo.m; sourceTree = "<group>"; };
		1976ECDD1F7F49C200A15BE4 /* UserInfo.h */ = {isa = PBXFileReference; fileEncoding = 4; lastKnownFileType = sourcecode.c.h; path = UserInfo.h; sourceTree = "<group>"; };
		1976ECDE1F7F49C200A15BE4 /* UserInfo.m */ = {isa = PBXFileReference; fileEncoding = 4; lastKnownFileType = sourcecode.c.objc; path = UserInfo.m; sourceTree = "<group>"; };
		1976ECEC1F7F76FA00A15BE4 /* RenterViewController.h */ = {isa = PBXFileReference; lastKnownFileType = sourcecode.c.h; path = RenterViewController.h; sourceTree = "<group>"; };
		1976ECED1F7F76FA00A15BE4 /* RenterViewController.m */ = {isa = PBXFileReference; lastKnownFileType = sourcecode.c.objc; path = RenterViewController.m; sourceTree = "<group>"; };
		1976ECEF1F7F770900A15BE4 /* LandlordViewController.h */ = {isa = PBXFileReference; lastKnownFileType = sourcecode.c.h; path = LandlordViewController.h; sourceTree = "<group>"; };
		1976ECF01F7F770900A15BE4 /* LandlordViewController.m */ = {isa = PBXFileReference; lastKnownFileType = sourcecode.c.objc; path = LandlordViewController.m; sourceTree = "<group>"; };
		1976ECF21F7F77ED00A15BE4 /* WindowClerkViewController.h */ = {isa = PBXFileReference; lastKnownFileType = sourcecode.c.h; path = WindowClerkViewController.h; sourceTree = "<group>"; };
		1976ECF31F7F77ED00A15BE4 /* WindowClerkViewController.m */ = {isa = PBXFileReference; lastKnownFileType = sourcecode.c.objc; path = WindowClerkViewController.m; sourceTree = "<group>"; };
		19B707E01F7E2E2E0086C565 /* NJDHome.app */ = {isa = PBXFileReference; explicitFileType = wrapper.application; includeInIndex = 0; path = NJDHome.app; sourceTree = BUILT_PRODUCTS_DIR; };
		19B707E61F7E2E2E0086C565 /* LoginVC.h */ = {isa = PBXFileReference; lastKnownFileType = sourcecode.c.h; path = LoginVC.h; sourceTree = "<group>"; };
		19B707E71F7E2E2E0086C565 /* LoginVC.m */ = {isa = PBXFileReference; lastKnownFileType = sourcecode.c.objc; path = LoginVC.m; sourceTree = "<group>"; };
		19B707EA1F7E2E2E0086C565 /* Base */ = {isa = PBXFileReference; lastKnownFileType = file.storyboard; name = Base; path = Base.lproj/Main.storyboard; sourceTree = "<group>"; };
		19B707EC1F7E2E2E0086C565 /* Assets.xcassets */ = {isa = PBXFileReference; lastKnownFileType = folder.assetcatalog; path = Assets.xcassets; sourceTree = "<group>"; };
		19B707EF1F7E2E2E0086C565 /* Base */ = {isa = PBXFileReference; lastKnownFileType = file.storyboard; name = Base; path = Base.lproj/LaunchScreen.storyboard; sourceTree = "<group>"; };
		19B707F11F7E2E2E0086C565 /* Info.plist */ = {isa = PBXFileReference; lastKnownFileType = text.plist.xml; path = Info.plist; sourceTree = "<group>"; };
		19B707F21F7E2E2E0086C565 /* main.m */ = {isa = PBXFileReference; lastKnownFileType = sourcecode.c.objc; path = main.m; sourceTree = "<group>"; };
		19B707FB1F7E35FC0086C565 /* AppDelegate.h */ = {isa = PBXFileReference; fileEncoding = 4; lastKnownFileType = sourcecode.c.h; path = AppDelegate.h; sourceTree = "<group>"; };
		19B707FC1F7E35FC0086C565 /* AppDelegate.m */ = {isa = PBXFileReference; fileEncoding = 4; lastKnownFileType = sourcecode.c.objc; path = AppDelegate.m; sourceTree = "<group>"; };
		1B0260AC1F81E4F8000A4411 /* FDOrPTYHVC.h */ = {isa = PBXFileReference; lastKnownFileType = sourcecode.c.h; path = FDOrPTYHVC.h; sourceTree = "<group>"; };
		1B0260AD1F81E4F8000A4411 /* FDOrPTYHVC.m */ = {isa = PBXFileReference; lastKnownFileType = sourcecode.c.objc; path = FDOrPTYHVC.m; sourceTree = "<group>"; };
		1B0260AF1F81FE13000A4411 /* SettingVC.h */ = {isa = PBXFileReference; lastKnownFileType = sourcecode.c.h; path = SettingVC.h; sourceTree = "<group>"; };
		1B0260B01F81FE13000A4411 /* SettingVC.m */ = {isa = PBXFileReference; lastKnownFileType = sourcecode.c.objc; path = SettingVC.m; sourceTree = "<group>"; };
		1B0260B21F820A79000A4411 /* ModifyPswVC.h */ = {isa = PBXFileReference; lastKnownFileType = sourcecode.c.h; path = ModifyPswVC.h; sourceTree = "<group>"; };
		1B0260B31F820A79000A4411 /* ModifyPswVC.m */ = {isa = PBXFileReference; lastKnownFileType = sourcecode.c.objc; path = ModifyPswVC.m; sourceTree = "<group>"; };
		1BA842681F7F463400D4221B /* NetworkingManager.h */ = {isa = PBXFileReference; lastKnownFileType = sourcecode.c.h; path = NetworkingManager.h; sourceTree = "<group>"; };
		1BA842691F7F463400D4221B /* NetworkingManager.m */ = {isa = PBXFileReference; lastKnownFileType = sourcecode.c.objc; path = NetworkingManager.m; sourceTree = "<group>"; };
		1BAE26441F80A43B004D3F22 /* NJDPopLoading.h */ = {isa = PBXFileReference; lastKnownFileType = sourcecode.c.h; path = NJDPopLoading.h; sourceTree = "<group>"; };
		1BAE26451F80A43B004D3F22 /* NJDPopLoading.m */ = {isa = PBXFileReference; lastKnownFileType = sourcecode.c.objc; path = NJDPopLoading.m; sourceTree = "<group>"; };
		1BAE26461F80A43B004D3F22 /* NJDRefreshHeader.h */ = {isa = PBXFileReference; lastKnownFileType = sourcecode.c.h; path = NJDRefreshHeader.h; sourceTree = "<group>"; };
		1BAE26471F80A43B004D3F22 /* NJDRefreshHeader.m */ = {isa = PBXFileReference; lastKnownFileType = sourcecode.c.objc; path = NJDRefreshHeader.m; sourceTree = "<group>"; };
		1BAE264C1F80AA90004D3F22 /* HETSleepActivityIndicatorView.m */ = {isa = PBXFileReference; lastKnownFileType = sourcecode.c.objc; path = HETSleepActivityIndicatorView.m; sourceTree = "<group>"; };
		1BAE264D1F80AA90004D3F22 /* HETSleepActivityIndicatorView.h */ = {isa = PBXFileReference; lastKnownFileType = sourcecode.c.h; path = HETSleepActivityIndicatorView.h; sourceTree = "<group>"; };
		1BAE264F1F80AC0A004D3F22 /* MBProgressHUD+NJDProgressHUD.h */ = {isa = PBXFileReference; lastKnownFileType = sourcecode.c.h; path = "MBProgressHUD+NJDProgressHUD.h"; sourceTree = "<group>"; };
		1BAE26501F80AC0A004D3F22 /* MBProgressHUD+NJDProgressHUD.m */ = {isa = PBXFileReference; lastKnownFileType = sourcecode.c.objc; path = "MBProgressHUD+NJDProgressHUD.m"; sourceTree = "<group>"; };
		1BAE26531F80C090004D3F22 /* IDCardVC.h */ = {isa = PBXFileReference; lastKnownFileType = sourcecode.c.h; path = IDCardVC.h; sourceTree = "<group>"; };
		1BAE26541F80C090004D3F22 /* IDCardVC.m */ = {isa = PBXFileReference; lastKnownFileType = sourcecode.c.objc; path = IDCardVC.m; sourceTree = "<group>"; };
		1BB776811F847E130029A861 /* SubmitCell.h */ = {isa = PBXFileReference; lastKnownFileType = sourcecode.c.h; path = SubmitCell.h; sourceTree = "<group>"; };
		1BB776821F847E130029A861 /* SubmitCell.m */ = {isa = PBXFileReference; lastKnownFileType = sourcecode.c.objc; path = SubmitCell.m; sourceTree = "<group>"; };
		1BB776841F84C0BF0029A861 /* DayPicker.h */ = {isa = PBXFileReference; lastKnownFileType = sourcecode.c.h; path = DayPicker.h; sourceTree = "<group>"; };
		1BB776851F84C0BF0029A861 /* DayPicker.m */ = {isa = PBXFileReference; lastKnownFileType = sourcecode.c.objc; path = DayPicker.m; sourceTree = "<group>"; };
		1BB776871F84F8100029A861 /* SubmitCell4.h */ = {isa = PBXFileReference; lastKnownFileType = sourcecode.c.h; path = SubmitCell4.h; sourceTree = "<group>"; };
		1BB776881F84F8100029A861 /* SubmitCell4.m */ = {isa = PBXFileReference; lastKnownFileType = sourcecode.c.objc; path = SubmitCell4.m; sourceTree = "<group>"; };
		1BB776891F84F8100029A861 /* SubmitCell4.xib */ = {isa = PBXFileReference; lastKnownFileType = file.xib; path = SubmitCell4.xib; sourceTree = "<group>"; };
		1BB7768C1F84FE360029A861 /* ChilderSubmitView.h */ = {isa = PBXFileReference; lastKnownFileType = sourcecode.c.h; path = ChilderSubmitView.h; sourceTree = "<group>"; };
		1BB7768D1F84FE360029A861 /* ChilderSubmitView.m */ = {isa = PBXFileReference; lastKnownFileType = sourcecode.c.objc; path = ChilderSubmitView.m; sourceTree = "<group>"; };
		1BB7768F1F851FC10029A861 /* SubmitCell5.h */ = {isa = PBXFileReference; lastKnownFileType = sourcecode.c.h; path = SubmitCell5.h; sourceTree = "<group>"; };
		1BB776901F851FC10029A861 /* SubmitCell5.m */ = {isa = PBXFileReference; lastKnownFileType = sourcecode.c.objc; path = SubmitCell5.m; sourceTree = "<group>"; };
		1BB776911F851FC10029A861 /* SubmitCell5.xib */ = {isa = PBXFileReference; lastKnownFileType = file.xib; path = SubmitCell5.xib; sourceTree = "<group>"; };
		1BB776941F8530CD0029A861 /* imgsCell.h */ = {isa = PBXFileReference; lastKnownFileType = sourcecode.c.h; path = imgsCell.h; sourceTree = "<group>"; };
		1BB776951F8530CD0029A861 /* imgsCell.m */ = {isa = PBXFileReference; lastKnownFileType = sourcecode.c.objc; path = imgsCell.m; sourceTree = "<group>"; };
		1BB776961F8530CD0029A861 /* imgsCell.xib */ = {isa = PBXFileReference; lastKnownFileType = file.xib; path = imgsCell.xib; sourceTree = "<group>"; };
		1BC4B8EC1F824E4500CFCD2B /* AppDelegate+Login.h */ = {isa = PBXFileReference; lastKnownFileType = sourcecode.c.h; path = "AppDelegate+Login.h"; sourceTree = "<group>"; };
		1BC4B8ED1F824E4500CFCD2B /* AppDelegate+Login.m */ = {isa = PBXFileReference; lastKnownFileType = sourcecode.c.objc; path = "AppDelegate+Login.m"; sourceTree = "<group>"; };
		1BC4B8F21F827C8500CFCD2B /* HETForgetPasswordOneController.h */ = {isa = PBXFileReference; lastKnownFileType = sourcecode.c.h; path = HETForgetPasswordOneController.h; sourceTree = "<group>"; };
		1BC4B8F31F827C8500CFCD2B /* HETForgetPasswordOneController.m */ = {isa = PBXFileReference; lastKnownFileType = sourcecode.c.objc; path = HETForgetPasswordOneController.m; sourceTree = "<group>"; };
		1BC4B8F41F827C8500CFCD2B /* HETForgetPasswordThreeController.h */ = {isa = PBXFileReference; lastKnownFileType = sourcecode.c.h; path = HETForgetPasswordThreeController.h; sourceTree = "<group>"; };
		1BC4B8F51F827C8500CFCD2B /* HETForgetPasswordThreeController.m */ = {isa = PBXFileReference; lastKnownFileType = sourcecode.c.objc; path = HETForgetPasswordThreeController.m; sourceTree = "<group>"; };
		1BC4B8F61F827C8500CFCD2B /* HETForgetPasswordTwoController.h */ = {isa = PBXFileReference; lastKnownFileType = sourcecode.c.h; path = HETForgetPasswordTwoController.h; sourceTree = "<group>"; };
		1BC4B8F71F827C8500CFCD2B /* HETForgetPasswordTwoController.m */ = {isa = PBXFileReference; lastKnownFileType = sourcecode.c.objc; path = HETForgetPasswordTwoController.m; sourceTree = "<group>"; };
		1BC4B8F81F827C8500CFCD2B /* HETForgetPasswordViewModel.h */ = {isa = PBXFileReference; lastKnownFileType = sourcecode.c.h; path = HETForgetPasswordViewModel.h; sourceTree = "<group>"; };
		1BC4B8F91F827C8500CFCD2B /* HETForgetPasswordViewModel.m */ = {isa = PBXFileReference; lastKnownFileType = sourcecode.c.objc; path = HETForgetPasswordViewModel.m; sourceTree = "<group>"; };
		1BC5FFD41F8604AF0088EBFD /* description.html */ = {isa = PBXFileReference; lastKnownFileType = text.html; path = description.html; sourceTree = "<group>"; };
		1BC5FFD51F86051E0088EBFD /* TermVC.h */ = {isa = PBXFileReference; lastKnownFileType = sourcecode.c.h; path = TermVC.h; sourceTree = "<group>"; };
		1BC5FFD61F86051E0088EBFD /* TermVC.m */ = {isa = PBXFileReference; lastKnownFileType = sourcecode.c.objc; path = TermVC.m; sourceTree = "<group>"; };
		1BC5FFD71F86051E0088EBFD /* TermVC.xib */ = {isa = PBXFileReference; lastKnownFileType = file.xib; path = TermVC.xib; sourceTree = "<group>"; };
		1BD459E81F7FC02500A5B031 /* DJDHome.pch */ = {isa = PBXFileReference; lastKnownFileType = sourcecode.c.h; path = DJDHome.pch; sourceTree = "<group>"; };
		1BD459E91F7FC02500A5B031 /* GlobleMacro.h */ = {isa = PBXFileReference; lastKnownFileType = sourcecode.c.h; path = GlobleMacro.h; sourceTree = "<group>"; };
		1BD459EA1F7FC02500A5B031 /* GlobleMacro.m */ = {isa = PBXFileReference; lastKnownFileType = sourcecode.c.objc; path = GlobleMacro.m; sourceTree = "<group>"; };
		1BD459EF1F7FC06A00A5B031 /* NJDBaseController.h */ = {isa = PBXFileReference; lastKnownFileType = sourcecode.c.h; path = NJDBaseController.h; sourceTree = "<group>"; };
		1BD459F01F7FC06A00A5B031 /* NJDBaseController.m */ = {isa = PBXFileReference; lastKnownFileType = sourcecode.c.objc; path = NJDBaseController.m; sourceTree = "<group>"; };
		1BD459F41F7FC3B800A5B031 /* NJDNavgationController.h */ = {isa = PBXFileReference; lastKnownFileType = sourcecode.c.h; path = NJDNavgationController.h; sourceTree = "<group>"; };
		1BD459F51F7FC3B800A5B031 /* NJDNavgationController.m */ = {isa = PBXFileReference; lastKnownFileType = sourcecode.c.objc; path = NJDNavgationController.m; sourceTree = "<group>"; };
		1BD459F91F7FF94400A5B031 /* RegisterVC.h */ = {isa = PBXFileReference; lastKnownFileType = sourcecode.c.h; path = RegisterVC.h; sourceTree = "<group>"; };
		1BD459FA1F7FF94400A5B031 /* RegisterVC.m */ = {isa = PBXFileReference; lastKnownFileType = sourcecode.c.objc; path = RegisterVC.m; sourceTree = "<group>"; };
		1BD82C301F810621006D6ADC /* NSString+Utils.h */ = {isa = PBXFileReference; lastKnownFileType = sourcecode.c.h; path = "NSString+Utils.h"; sourceTree = "<group>"; };
		1BD82C311F810621006D6ADC /* NSString+Utils.m */ = {isa = PBXFileReference; lastKnownFileType = sourcecode.c.objc; path = "NSString+Utils.m"; sourceTree = "<group>"; };
		1BD82C351F813549006D6ADC /* NSManagedObject+EntityBugFix.h */ = {isa = PBXFileReference; lastKnownFileType = sourcecode.c.h; path = "NSManagedObject+EntityBugFix.h"; sourceTree = "<group>"; };
		1BD82C361F813549006D6ADC /* NSManagedObject+EntityBugFix.m */ = {isa = PBXFileReference; lastKnownFileType = sourcecode.c.objc; path = "NSManagedObject+EntityBugFix.m"; sourceTree = "<group>"; };
		1BD82C391F8135EC006D6ADC /* Model.xcdatamodel */ = {isa = PBXFileReference; lastKnownFileType = wrapper.xcdatamodel; path = Model.xcdatamodel; sourceTree = "<group>"; };
		1BD82C5F1F814372006D6ADC /* NJDPersonInfoMO+CoreDataClass.h */ = {isa = PBXFileReference; lastKnownFileType = sourcecode.c.h; path = "NJDPersonInfoMO+CoreDataClass.h"; sourceTree = "<group>"; };
		1BD82C601F814372006D6ADC /* NJDPersonInfoMO+CoreDataProperties.m */ = {isa = PBXFileReference; lastKnownFileType = sourcecode.c.objc; path = "NJDPersonInfoMO+CoreDataProperties.m"; sourceTree = "<group>"; };
		1BD82C611F814372006D6ADC /* NJDRoleInfoMO+CoreDataClass.m */ = {isa = PBXFileReference; lastKnownFileType = sourcecode.c.objc; path = "NJDRoleInfoMO+CoreDataClass.m"; sourceTree = "<group>"; };
		1BD82C621F814372006D6ADC /* NJDUserInfoMO+CoreDataProperties.h */ = {isa = PBXFileReference; lastKnownFileType = sourcecode.c.h; path = "NJDUserInfoMO+CoreDataProperties.h"; sourceTree = "<group>"; };
		1BD82C631F814373006D6ADC /* NJDUserInfoMO+CoreDataProperties.m */ = {isa = PBXFileReference; lastKnownFileType = sourcecode.c.objc; path = "NJDUserInfoMO+CoreDataProperties.m"; sourceTree = "<group>"; };
		1BD82C641F814373006D6ADC /* NJDRoleInfoMO+CoreDataClass.h */ = {isa = PBXFileReference; lastKnownFileType = sourcecode.c.h; path = "NJDRoleInfoMO+CoreDataClass.h"; sourceTree = "<group>"; };
		1BD82C651F814373006D6ADC /* NJDRoleInfoMO+CoreDataProperties.m */ = {isa = PBXFileReference; lastKnownFileType = sourcecode.c.objc; path = "NJDRoleInfoMO+CoreDataProperties.m"; sourceTree = "<group>"; };
		1BD82C661F814373006D6ADC /* NJDPersonInfoMO+CoreDataProperties.h */ = {isa = PBXFileReference; lastKnownFileType = sourcecode.c.h; path = "NJDPersonInfoMO+CoreDataProperties.h"; sourceTree = "<group>"; };
		1BD82C671F814373006D6ADC /* NJDPersonInfoMO+CoreDataClass.m */ = {isa = PBXFileReference; lastKnownFileType = sourcecode.c.objc; path = "NJDPersonInfoMO+CoreDataClass.m"; sourceTree = "<group>"; };
		1BD82C681F814373006D6ADC /* NJDRoleInfoMO+CoreDataProperties.h */ = {isa = PBXFileReference; lastKnownFileType = sourcecode.c.h; path = "NJDRoleInfoMO+CoreDataProperties.h"; sourceTree = "<group>"; };
		1BD82C691F814373006D6ADC /* NJDUserInfoMO+CoreDataClass.h */ = {isa = PBXFileReference; lastKnownFileType = sourcecode.c.h; path = "NJDUserInfoMO+CoreDataClass.h"; sourceTree = "<group>"; };
		1BD82C6A1F814373006D6ADC /* NJDUserInfoMO+CoreDataClass.m */ = {isa = PBXFileReference; lastKnownFileType = sourcecode.c.objc; path = "NJDUserInfoMO+CoreDataClass.m"; sourceTree = "<group>"; };
		1BDEABED1F84758600B61640 /* SubmitCell1.h */ = {isa = PBXFileReference; lastKnownFileType = sourcecode.c.h; path = SubmitCell1.h; sourceTree = "<group>"; };
		1BDEABEE1F84758600B61640 /* SubmitCell1.m */ = {isa = PBXFileReference; lastKnownFileType = sourcecode.c.objc; path = SubmitCell1.m; sourceTree = "<group>"; };
		1BDEABEF1F84758600B61640 /* SubmitCell1.xib */ = {isa = PBXFileReference; lastKnownFileType = file.xib; path = SubmitCell1.xib; sourceTree = "<group>"; };
		1BDEABF21F847A1A00B61640 /* SubmitCell2.h */ = {isa = PBXFileReference; lastKnownFileType = sourcecode.c.h; path = SubmitCell2.h; sourceTree = "<group>"; };
		1BDEABF31F847A1A00B61640 /* SubmitCell2.m */ = {isa = PBXFileReference; lastKnownFileType = sourcecode.c.objc; path = SubmitCell2.m; sourceTree = "<group>"; };
		1BDEABF41F847A1A00B61640 /* SubmitCell2.xib */ = {isa = PBXFileReference; lastKnownFileType = file.xib; path = SubmitCell2.xib; sourceTree = "<group>"; };
		1BDEABF81F847CAB00B61640 /* BNRTapLabel.h */ = {isa = PBXFileReference; lastKnownFileType = sourcecode.c.h; path = BNRTapLabel.h; sourceTree = "<group>"; };
		1BDEABF91F847CAB00B61640 /* BNRTapLabel.m */ = {isa = PBXFileReference; lastKnownFileType = sourcecode.c.objc; path = BNRTapLabel.m; sourceTree = "<group>"; };
		1BDEABFB1F847CE500B61640 /* SubmitCell3.h */ = {isa = PBXFileReference; lastKnownFileType = sourcecode.c.h; path = SubmitCell3.h; sourceTree = "<group>"; };
		1BDEABFC1F847CE500B61640 /* SubmitCell3.m */ = {isa = PBXFileReference; lastKnownFileType = sourcecode.c.objc; path = SubmitCell3.m; sourceTree = "<group>"; };
		1BDEABFD1F847CE500B61640 /* SubmitCell3.xib */ = {isa = PBXFileReference; lastKnownFileType = file.xib; path = SubmitCell3.xib; sourceTree = "<group>"; };
		1BDFB5331F83EA82006012F7 /* SubmitVC.h */ = {isa = PBXFileReference; lastKnownFileType = sourcecode.c.h; path = SubmitVC.h; sourceTree = "<group>"; };
		1BDFB5341F83EA82006012F7 /* SubmitVC.m */ = {isa = PBXFileReference; lastKnownFileType = sourcecode.c.objc; path = SubmitVC.m; sourceTree = "<group>"; };
		1BDFB5351F83EA82006012F7 /* SubmitVC.xib */ = {isa = PBXFileReference; lastKnownFileType = file.xib; path = SubmitVC.xib; sourceTree = "<group>"; };
		1BF3C2651F8334AA009F07CC /* HouseManagerVC.h */ = {isa = PBXFileReference; lastKnownFileType = sourcecode.c.h; path = HouseManagerVC.h; sourceTree = "<group>"; };
		1BF3C2661F8334AA009F07CC /* HouseManagerVC.m */ = {isa = PBXFileReference; lastKnownFileType = sourcecode.c.objc; path = HouseManagerVC.m; sourceTree = "<group>"; };
		1BF3C2691F834AA5009F07CC /* AddressSelectView.h */ = {isa = PBXFileReference; lastKnownFileType = sourcecode.c.h; path = AddressSelectView.h; sourceTree = "<group>"; };
		1BF3C26A1F834AA5009F07CC /* AddressSelectView.m */ = {isa = PBXFileReference; lastKnownFileType = sourcecode.c.objc; path = AddressSelectView.m; sourceTree = "<group>"; };
		1BF3C26C1F834AB8009F07CC /* Views.xib */ = {isa = PBXFileReference; lastKnownFileType = file.xib; path = Views.xib; sourceTree = "<group>"; };
		1BF3C26E1F835930009F07CC /* AddAddressView.h */ = {isa = PBXFileReference; lastKnownFileType = sourcecode.c.h; path = AddAddressView.h; sourceTree = "<group>"; };
		1BF3C26F1F835930009F07CC /* AddAddressView.m */ = {isa = PBXFileReference; lastKnownFileType = sourcecode.c.objc; path = AddAddressView.m; sourceTree = "<group>"; };
		1BF3C2711F83ACF0009F07CC /* PickView1.h */ = {isa = PBXFileReference; lastKnownFileType = sourcecode.c.h; path = PickView1.h; sourceTree = "<group>"; };
		1BF3C2721F83ACF0009F07CC /* PickView1.m */ = {isa = PBXFileReference; lastKnownFileType = sourcecode.c.objc; path = PickView1.m; sourceTree = "<group>"; };
		9DF3A83F0A5854B841FD67C7 /* libPods-NJDHome.a */ = {isa = PBXFileReference; explicitFileType = archive.ar; includeInIndex = 0; path = "libPods-NJDHome.a"; sourceTree = BUILT_PRODUCTS_DIR; };
		BB196FD89180E5F2CC770622 /* Pods-NJDHome.release.xcconfig */ = {isa = PBXFileReference; includeInIndex = 1; lastKnownFileType = text.xcconfig; name = "Pods-NJDHome.release.xcconfig"; path = "Pods/Target Support Files/Pods-NJDHome/Pods-NJDHome.release.xcconfig"; sourceTree = "<group>"; };
/* End PBXFileReference section */

/* Begin PBXFrameworksBuildPhase section */
		19B707DD1F7E2E2E0086C565 /* Frameworks */ = {
			isa = PBXFrameworksBuildPhase;
			buildActionMask = 2147483647;
			files = (
				8C977858DB967F530B9E8316 /* libPods-NJDHome.a in Frameworks */,
			);
			runOnlyForDeploymentPostprocessing = 0;
		};
/* End PBXFrameworksBuildPhase section */

/* Begin PBXGroup section */
		1976ECD21F7F3F7500A15BE4 /* View */ = {
			isa = PBXGroup;
			children = (
			);
			path = View;
			sourceTree = "<group>";
		};
		1976ECD31F7F3F7500A15BE4 /* Model */ = {
			isa = PBXGroup;
			children = (
			);
			path = Model;
			sourceTree = "<group>";
		};
		1976ECD41F7F3F7500A15BE4 /* ViewController */ = {
			isa = PBXGroup;
			children = (
				1976ECD51F7F3F7500A15BE4 /* TrafficAssistantViewController.h */,
				1976ECD61F7F3F7500A15BE4 /* TrafficAssistantViewController.m */,
			);
			path = ViewController;
			sourceTree = "<group>";
		};
		1976ECD81F7F49C200A15BE4 /* model */ = {
			isa = PBXGroup;
			children = (
				1976ECD91F7F49C200A15BE4 /* PersonInfo.h */,
				1976ECDA1F7F49C200A15BE4 /* PersonInfo.m */,
				1976ECDB1F7F49C200A15BE4 /* RoleInfo.h */,
				1976ECDC1F7F49C200A15BE4 /* RoleInfo.m */,
				1976ECDD1F7F49C200A15BE4 /* UserInfo.h */,
				1976ECDE1F7F49C200A15BE4 /* UserInfo.m */,
			);
			path = model;
			sourceTree = "<group>";
		};
		1976ECDF1F7F49C200A15BE4 /* view */ = {
			isa = PBXGroup;
			children = (
			);
			path = view;
			sourceTree = "<group>";
		};
		1976ECE31F7F76B000A15BE4 /* model */ = {
			isa = PBXGroup;
			children = (
			);
			path = model;
			sourceTree = "<group>";
		};
		1976ECE41F7F76B000A15BE4 /* viewController */ = {
			isa = PBXGroup;
			children = (
				1976ECF21F7F77ED00A15BE4 /* WindowClerkViewController.h */,
				1976ECF31F7F77ED00A15BE4 /* WindowClerkViewController.m */,
			);
			path = viewController;
			sourceTree = "<group>";
		};
		1976ECE51F7F76B000A15BE4 /* view */ = {
			isa = PBXGroup;
			children = (
			);
			path = view;
			sourceTree = "<group>";
		};
		1976ECE61F7F76D900A15BE4 /* viewController */ = {
			isa = PBXGroup;
			children = (
				1976ECEC1F7F76FA00A15BE4 /* RenterViewController.h */,
				1976ECED1F7F76FA00A15BE4 /* RenterViewController.m */,
			);
			path = viewController;
			sourceTree = "<group>";
		};
		1976ECE71F7F76D900A15BE4 /* view */ = {
			isa = PBXGroup;
			children = (
			);
			path = view;
			sourceTree = "<group>";
		};
		1976ECE81F7F76D900A15BE4 /* model */ = {
			isa = PBXGroup;
			children = (
			);
			path = model;
			sourceTree = "<group>";
		};
		1976ECE91F7F76DF00A15BE4 /* model */ = {
			isa = PBXGroup;
			children = (
			);
			path = model;
			sourceTree = "<group>";
		};
		1976ECEA1F7F76DF00A15BE4 /* view */ = {
			isa = PBXGroup;
			children = (
			);
			path = view;
			sourceTree = "<group>";
		};
		1976ECEB1F7F76DF00A15BE4 /* viewController */ = {
			isa = PBXGroup;
			children = (
				1976ECEF1F7F770900A15BE4 /* LandlordViewController.h */,
				1976ECF01F7F770900A15BE4 /* LandlordViewController.m */,
			);
			path = viewController;
			sourceTree = "<group>";
		};
		19B707D71F7E2E2E0086C565 = {
			isa = PBXGroup;
			children = (
				19B707E21F7E2E2E0086C565 /* NJDHome */,
				19B707E11F7E2E2E0086C565 /* Products */,
				ADEE84AD8324FA01FC3A4522 /* Pods */,
				B319F066908678E9E25C3404 /* Frameworks */,
				1BA842621F7F43D500D4221B /* Recovered References */,
			);
			sourceTree = "<group>";
		};
		19B707E11F7E2E2E0086C565 /* Products */ = {
			isa = PBXGroup;
			children = (
				19B707E01F7E2E2E0086C565 /* NJDHome.app */,
			);
			name = Products;
			sourceTree = "<group>";
		};
		19B707E21F7E2E2E0086C565 /* NJDHome */ = {
			isa = PBXGroup;
			children = (
				1B0260AA1F81E4A1000A4411 /* FDOrPTYH */,
				1BD82C331F81348A006D6ADC /* Model */,
				1BAE26521F80BC4A004D3F22 /* IDCard */,
				1BD459E61F7FBFF300A5B031 /* Helper */,
				1BA842671F7F463400D4221B /* Networking */,
				19B708051F7E3D3E0086C565 /* Login */,
				19B708031F7E3D150086C565 /* UserInfo */,
				19B708011F7E3B3A0086C565 /* WindowClerk */,
				19B708001F7E3B350086C565 /* TrafficAssistant */,
				19B707FF1F7E3B2D0086C565 /* Renter */,
				19B707FE1F7E36270086C565 /* Landlord */,
				19B707FA1F7E35FC0086C565 /* Appdelegate */,
				19B707E91F7E2E2E0086C565 /* Main.storyboard */,
				19B707EC1F7E2E2E0086C565 /* Assets.xcassets */,
				19B707EE1F7E2E2E0086C565 /* LaunchScreen.storyboard */,
				19B707F11F7E2E2E0086C565 /* Info.plist */,
				19B707F21F7E2E2E0086C565 /* main.m */,
			);
			path = NJDHome;
			sourceTree = "<group>";
		};
		19B707FA1F7E35FC0086C565 /* Appdelegate */ = {
			isa = PBXGroup;
			children = (
				19B707FB1F7E35FC0086C565 /* AppDelegate.h */,
				19B707FC1F7E35FC0086C565 /* AppDelegate.m */,
				1BC4B8EC1F824E4500CFCD2B /* AppDelegate+Login.h */,
				1BC4B8ED1F824E4500CFCD2B /* AppDelegate+Login.m */,
			);
			path = Appdelegate;
			sourceTree = "<group>";
		};
		19B707FE1F7E36270086C565 /* Landlord */ = {
			isa = PBXGroup;
			children = (
				1976ECE91F7F76DF00A15BE4 /* model */,
				1976ECEA1F7F76DF00A15BE4 /* view */,
				1976ECEB1F7F76DF00A15BE4 /* viewController */,
			);
			path = Landlord;
			sourceTree = "<group>";
		};
		19B707FF1F7E3B2D0086C565 /* Renter */ = {
			isa = PBXGroup;
			children = (
				1976ECE81F7F76D900A15BE4 /* model */,
				1976ECE71F7F76D900A15BE4 /* view */,
				1976ECE61F7F76D900A15BE4 /* viewController */,
			);
			path = Renter;
			sourceTree = "<group>";
		};
		19B708001F7E3B350086C565 /* TrafficAssistant */ = {
			isa = PBXGroup;
			children = (
				1976ECD31F7F3F7500A15BE4 /* Model */,
				1976ECD21F7F3F7500A15BE4 /* View */,
				1976ECD41F7F3F7500A15BE4 /* ViewController */,
			);
			path = TrafficAssistant;
			sourceTree = "<group>";
		};
		19B708011F7E3B3A0086C565 /* WindowClerk */ = {
			isa = PBXGroup;
			children = (
				1976ECE31F7F76B000A15BE4 /* model */,
				1976ECE51F7F76B000A15BE4 /* view */,
				1976ECE41F7F76B000A15BE4 /* viewController */,
			);
			path = WindowClerk;
			sourceTree = "<group>";
		};
		19B708031F7E3D150086C565 /* UserInfo */ = {
			isa = PBXGroup;
			children = (
			);
			path = UserInfo;
			sourceTree = "<group>";
		};
		19B708051F7E3D3E0086C565 /* Login */ = {
			isa = PBXGroup;
			children = (
				1BC4B8EF1F827C8500CFCD2B /* ForgetPassword */,
				1BD459F81F7FF92700A5B031 /* Register */,
				1976ECD81F7F49C200A15BE4 /* model */,
				1976ECDF1F7F49C200A15BE4 /* view */,
				1976ECB81F7F26BC00A15BE4 /* LoginViewController.h */,
				1976ECB91F7F26BC00A15BE4 /* LoginViewController.m */,
				1976ECBB1F7F26E100A15BE4 /* LoginStoryboard.storyboard */,
				19B707E61F7E2E2E0086C565 /* LoginVC.h */,
				19B707E71F7E2E2E0086C565 /* LoginVC.m */,
			);
			path = Login;
			sourceTree = "<group>";
		};
		1B0260AA1F81E4A1000A4411 /* FDOrPTYH */ = {
			isa = PBXGroup;
			children = (
				1BC5FFD31F86049A0088EBFD /* Resource */,
				1BF3C2681F834955009F07CC /* Views */,
				1B0260AB1F81E4DC000A4411 /* VC */,
			);
			path = FDOrPTYH;
			sourceTree = "<group>";
		};
		1B0260AB1F81E4DC000A4411 /* VC */ = {
			isa = PBXGroup;
			children = (
				1B0260AC1F81E4F8000A4411 /* FDOrPTYHVC.h */,
				1B0260AD1F81E4F8000A4411 /* FDOrPTYHVC.m */,
				1B0260AF1F81FE13000A4411 /* SettingVC.h */,
				1B0260B01F81FE13000A4411 /* SettingVC.m */,
				1B0260B21F820A79000A4411 /* ModifyPswVC.h */,
				1B0260B31F820A79000A4411 /* ModifyPswVC.m */,
				1BF3C2651F8334AA009F07CC /* HouseManagerVC.h */,
				1BF3C2661F8334AA009F07CC /* HouseManagerVC.m */,
				1BDFB5331F83EA82006012F7 /* SubmitVC.h */,
				1BDFB5341F83EA82006012F7 /* SubmitVC.m */,
				1BDFB5351F83EA82006012F7 /* SubmitVC.xib */,
				1BC5FFD51F86051E0088EBFD /* TermVC.h */,
				1BC5FFD61F86051E0088EBFD /* TermVC.m */,
				1BC5FFD71F86051E0088EBFD /* TermVC.xib */,
			);
			path = VC;
			sourceTree = "<group>";
		};
		1BA842621F7F43D500D4221B /* Recovered References */ = {
			isa = PBXGroup;
			children = (
			);
			name = "Recovered References";
			sourceTree = "<group>";
		};
		1BA842671F7F463400D4221B /* Networking */ = {
			isa = PBXGroup;
			children = (
				1BA842681F7F463400D4221B /* NetworkingManager.h */,
				1BA842691F7F463400D4221B /* NetworkingManager.m */,
			);
			path = Networking;
			sourceTree = "<group>";
		};
		1BAE26431F80A43B004D3F22 /* NJDLoading */ = {
			isa = PBXGroup;
			children = (
				1BAE264F1F80AC0A004D3F22 /* MBProgressHUD+NJDProgressHUD.h */,
				1BAE26501F80AC0A004D3F22 /* MBProgressHUD+NJDProgressHUD.m */,
				1BAE26441F80A43B004D3F22 /* NJDPopLoading.h */,
				1BAE26451F80A43B004D3F22 /* NJDPopLoading.m */,
				1BAE26461F80A43B004D3F22 /* NJDRefreshHeader.h */,
				1BAE26471F80A43B004D3F22 /* NJDRefreshHeader.m */,
				1BAE264D1F80AA90004D3F22 /* HETSleepActivityIndicatorView.h */,
				1BAE264C1F80AA90004D3F22 /* HETSleepActivityIndicatorView.m */,
			);
			path = NJDLoading;
			sourceTree = "<group>";
		};
		1BAE26521F80BC4A004D3F22 /* IDCard */ = {
			isa = PBXGroup;
			children = (
				1BAE26531F80C090004D3F22 /* IDCardVC.h */,
				1BAE26541F80C090004D3F22 /* IDCardVC.m */,
			);
			path = IDCard;
			sourceTree = "<group>";
		};
		1BC4B8EF1F827C8500CFCD2B /* ForgetPassword */ = {
			isa = PBXGroup;
			children = (
				1BC4B8F21F827C8500CFCD2B /* HETForgetPasswordOneController.h */,
				1BC4B8F31F827C8500CFCD2B /* HETForgetPasswordOneController.m */,
				1BC4B8F41F827C8500CFCD2B /* HETForgetPasswordThreeController.h */,
				1BC4B8F51F827C8500CFCD2B /* HETForgetPasswordThreeController.m */,
				1BC4B8F61F827C8500CFCD2B /* HETForgetPasswordTwoController.h */,
				1BC4B8F71F827C8500CFCD2B /* HETForgetPasswordTwoController.m */,
				1BC4B8F81F827C8500CFCD2B /* HETForgetPasswordViewModel.h */,
				1BC4B8F91F827C8500CFCD2B /* HETForgetPasswordViewModel.m */,
			);
			path = ForgetPassword;
			sourceTree = "<group>";
		};
		1BC5FFD31F86049A0088EBFD /* Resource */ = {
			isa = PBXGroup;
			children = (
				1BC5FFD41F8604AF0088EBFD /* description.html */,
			);
			path = Resource;
			sourceTree = "<group>";
		};
		1BD459E61F7FBFF300A5B031 /* Helper */ = {
			isa = PBXGroup;
			children = (
				1BDEABF71F847CAB00B61640 /* TapLabel */,
				1BD82C341F813530006D6ADC /* MagicalRecord */,
				1BD82C2F1F8105F0006D6ADC /* Util */,
				1BD459F31F7FC39200A5B031 /* NJDNavgationController */,
				1BD459EE1F7FC06A00A5B031 /* NJDBaseController */,
				1BD459E71F7FC02500A5B031 /* Globle */,
				1BAE26431F80A43B004D3F22 /* NJDLoading */,
			);
			path = Helper;
			sourceTree = "<group>";
		};
		1BD459E71F7FC02500A5B031 /* Globle */ = {
			isa = PBXGroup;
			children = (
				1BD459E81F7FC02500A5B031 /* DJDHome.pch */,
				1BD459E91F7FC02500A5B031 /* GlobleMacro.h */,
				1BD459EA1F7FC02500A5B031 /* GlobleMacro.m */,
			);
			path = Globle;
			sourceTree = "<group>";
		};
		1BD459EE1F7FC06A00A5B031 /* NJDBaseController */ = {
			isa = PBXGroup;
			children = (
				1BD459EF1F7FC06A00A5B031 /* NJDBaseController.h */,
				1BD459F01F7FC06A00A5B031 /* NJDBaseController.m */,
			);
			path = NJDBaseController;
			sourceTree = "<group>";
		};
		1BD459F31F7FC39200A5B031 /* NJDNavgationController */ = {
			isa = PBXGroup;
			children = (
				1BD459F41F7FC3B800A5B031 /* NJDNavgationController.h */,
				1BD459F51F7FC3B800A5B031 /* NJDNavgationController.m */,
			);
			path = NJDNavgationController;
			sourceTree = "<group>";
		};
		1BD459F81F7FF92700A5B031 /* Register */ = {
			isa = PBXGroup;
			children = (
				1BD459F91F7FF94400A5B031 /* RegisterVC.h */,
				1BD459FA1F7FF94400A5B031 /* RegisterVC.m */,
			);
			path = Register;
			sourceTree = "<group>";
		};
		1BD82C2F1F8105F0006D6ADC /* Util */ = {
			isa = PBXGroup;
			children = (
				1BD82C301F810621006D6ADC /* NSString+Utils.h */,
				1BD82C311F810621006D6ADC /* NSString+Utils.m */,
			);
			path = Util;
			sourceTree = "<group>";
		};
		1BD82C331F81348A006D6ADC /* Model */ = {
			isa = PBXGroup;
			children = (
				1BD82C381F8135EC006D6ADC /* Model.xcdatamodeld */,
				1BD82C5F1F814372006D6ADC /* NJDPersonInfoMO+CoreDataClass.h */,
				1BD82C671F814373006D6ADC /* NJDPersonInfoMO+CoreDataClass.m */,
				1BD82C661F814373006D6ADC /* NJDPersonInfoMO+CoreDataProperties.h */,
				1BD82C601F814372006D6ADC /* NJDPersonInfoMO+CoreDataProperties.m */,
				1BD82C641F814373006D6ADC /* NJDRoleInfoMO+CoreDataClass.h */,
				1BD82C611F814372006D6ADC /* NJDRoleInfoMO+CoreDataClass.m */,
				1BD82C681F814373006D6ADC /* NJDRoleInfoMO+CoreDataProperties.h */,
				1BD82C651F814373006D6ADC /* NJDRoleInfoMO+CoreDataProperties.m */,
				1BD82C691F814373006D6ADC /* NJDUserInfoMO+CoreDataClass.h */,
				1BD82C6A1F814373006D6ADC /* NJDUserInfoMO+CoreDataClass.m */,
				1BD82C621F814372006D6ADC /* NJDUserInfoMO+CoreDataProperties.h */,
				1BD82C631F814373006D6ADC /* NJDUserInfoMO+CoreDataProperties.m */,
			);
			path = Model;
			sourceTree = "<group>";
		};
		1BD82C341F813530006D6ADC /* MagicalRecord */ = {
			isa = PBXGroup;
			children = (
				1BD82C351F813549006D6ADC /* NSManagedObject+EntityBugFix.h */,
				1BD82C361F813549006D6ADC /* NSManagedObject+EntityBugFix.m */,
			);
			path = MagicalRecord;
			sourceTree = "<group>";
		};
		1BDEABF71F847CAB00B61640 /* TapLabel */ = {
			isa = PBXGroup;
			children = (
				1BDEABF81F847CAB00B61640 /* BNRTapLabel.h */,
				1BDEABF91F847CAB00B61640 /* BNRTapLabel.m */,
			);
			path = TapLabel;
			sourceTree = "<group>";
		};
		1BF3C2681F834955009F07CC /* Views */ = {
			isa = PBXGroup;
			children = (
				1BF3C2711F83ACF0009F07CC /* PickView1.h */,
				1BF3C2721F83ACF0009F07CC /* PickView1.m */,
				1BF3C2691F834AA5009F07CC /* AddressSelectView.h */,
				1BF3C26A1F834AA5009F07CC /* AddressSelectView.m */,
				1BF3C26C1F834AB8009F07CC /* Views.xib */,
				1BB776841F84C0BF0029A861 /* DayPicker.h */,
				1BB776851F84C0BF0029A861 /* DayPicker.m */,
				1BF3C26E1F835930009F07CC /* AddAddressView.h */,
				1BF3C26F1F835930009F07CC /* AddAddressView.m */,
				1BDEABED1F84758600B61640 /* SubmitCell1.h */,
				1BDEABEE1F84758600B61640 /* SubmitCell1.m */,
				1BDEABEF1F84758600B61640 /* SubmitCell1.xib */,
				1BDEABF21F847A1A00B61640 /* SubmitCell2.h */,
				1BDEABF31F847A1A00B61640 /* SubmitCell2.m */,
				1BDEABF41F847A1A00B61640 /* SubmitCell2.xib */,
				1BDEABFB1F847CE500B61640 /* SubmitCell3.h */,
				1BDEABFC1F847CE500B61640 /* SubmitCell3.m */,
				1BDEABFD1F847CE500B61640 /* SubmitCell3.xib */,
				1BB776811F847E130029A861 /* SubmitCell.h */,
				1BB776821F847E130029A861 /* SubmitCell.m */,
				1BB776871F84F8100029A861 /* SubmitCell4.h */,
				1BB776881F84F8100029A861 /* SubmitCell4.m */,
				1BB776891F84F8100029A861 /* SubmitCell4.xib */,
				1BB7768C1F84FE360029A861 /* ChilderSubmitView.h */,
				1BB7768D1F84FE360029A861 /* ChilderSubmitView.m */,
				1BB7768F1F851FC10029A861 /* SubmitCell5.h */,
				1BB776901F851FC10029A861 /* SubmitCell5.m */,
				1BB776911F851FC10029A861 /* SubmitCell5.xib */,
				1BB776941F8530CD0029A861 /* imgsCell.h */,
				1BB776951F8530CD0029A861 /* imgsCell.m */,
				1BB776961F8530CD0029A861 /* imgsCell.xib */,
			);
			path = Views;
			sourceTree = "<group>";
		};
		ADEE84AD8324FA01FC3A4522 /* Pods */ = {
			isa = PBXGroup;
			children = (
				09D79BB739306A2B5A9B0F0A /* Pods-NJDHome.debug.xcconfig */,
				BB196FD89180E5F2CC770622 /* Pods-NJDHome.release.xcconfig */,
			);
			name = Pods;
			sourceTree = "<group>";
		};
		B319F066908678E9E25C3404 /* Frameworks */ = {
			isa = PBXGroup;
			children = (
				9DF3A83F0A5854B841FD67C7 /* libPods-NJDHome.a */,
			);
			name = Frameworks;
			sourceTree = "<group>";
		};
/* End PBXGroup section */

/* Begin PBXNativeTarget section */
		19B707DF1F7E2E2E0086C565 /* NJDHome */ = {
			isa = PBXNativeTarget;
			buildConfigurationList = 19B707F61F7E2E2E0086C565 /* Build configuration list for PBXNativeTarget "NJDHome" */;
			buildPhases = (
				3E03B3926ECB6906F0E58F7E /* [CP] Check Pods Manifest.lock */,
				19B707DC1F7E2E2E0086C565 /* Sources */,
				19B707DD1F7E2E2E0086C565 /* Frameworks */,
				19B707DE1F7E2E2E0086C565 /* Resources */,
				DE4033CBABE635F0AB6F9F8C /* [CP] Embed Pods Frameworks */,
				477E205565694053916ABC6A /* [CP] Copy Pods Resources */,
			);
			buildRules = (
			);
			dependencies = (
			);
			name = NJDHome;
			productName = NJDHome;
			productReference = 19B707E01F7E2E2E0086C565 /* NJDHome.app */;
			productType = "com.apple.product-type.application";
		};
/* End PBXNativeTarget section */

/* Begin PBXProject section */
		19B707D81F7E2E2E0086C565 /* Project object */ = {
			isa = PBXProject;
			attributes = {
				LastUpgradeCheck = 0900;
				ORGANIZATIONNAME = "yuan yunlong";
				TargetAttributes = {
					19B707DF1F7E2E2E0086C565 = {
						CreatedOnToolsVersion = 9.0;
						ProvisioningStyle = Manual;
					};
				};
			};
			buildConfigurationList = 19B707DB1F7E2E2E0086C565 /* Build configuration list for PBXProject "NJDHome" */;
			compatibilityVersion = "Xcode 8.0";
			developmentRegion = en;
			hasScannedForEncodings = 0;
			knownRegions = (
				en,
				Base,
			);
			mainGroup = 19B707D71F7E2E2E0086C565;
			productRefGroup = 19B707E11F7E2E2E0086C565 /* Products */;
			projectDirPath = "";
			projectRoot = "";
			targets = (
				19B707DF1F7E2E2E0086C565 /* NJDHome */,
			);
		};
/* End PBXProject section */

/* Begin PBXResourcesBuildPhase section */
		19B707DE1F7E2E2E0086C565 /* Resources */ = {
			isa = PBXResourcesBuildPhase;
			buildActionMask = 2147483647;
			files = (
				19B707F01F7E2E2E0086C565 /* LaunchScreen.storyboard in Resources */,
				19B707ED1F7E2E2E0086C565 /* Assets.xcassets in Resources */,
				1BDFB5371F83EA82006012F7 /* SubmitVC.xib in Resources */,
				1BC5FFDA1F860CC10088EBFD /* description.html in Resources */,
				19B707EB1F7E2E2E0086C565 /* Main.storyboard in Resources */,
				1BDEABFF1F847CE500B61640 /* SubmitCell3.xib in Resources */,
				1BB776931F851FC10029A861 /* SubmitCell5.xib in Resources */,
				1BF3C26D1F834AB8009F07CC /* Views.xib in Resources */,
				1BB7768B1F84F8100029A861 /* SubmitCell4.xib in Resources */,
				1976ECBC1F7F26E100A15BE4 /* LoginStoryboard.storyboard in Resources */,
				1BB776981F8530CD0029A861 /* imgsCell.xib in Resources */,
				1BDEABF61F847A1A00B61640 /* SubmitCell2.xib in Resources */,
				1BDEABF11F84758600B61640 /* SubmitCell1.xib in Resources */,
				1BC5FFD91F86051E0088EBFD /* TermVC.xib in Resources */,
			);
			runOnlyForDeploymentPostprocessing = 0;
		};
/* End PBXResourcesBuildPhase section */

/* Begin PBXShellScriptBuildPhase section */
		3E03B3926ECB6906F0E58F7E /* [CP] Check Pods Manifest.lock */ = {
			isa = PBXShellScriptBuildPhase;
			buildActionMask = 2147483647;
			files = (
			);
			inputPaths = (
				"${PODS_PODFILE_DIR_PATH}/Podfile.lock",
				"${PODS_ROOT}/Manifest.lock",
			);
			name = "[CP] Check Pods Manifest.lock";
			outputPaths = (
				"$(DERIVED_FILE_DIR)/Pods-NJDHome-checkManifestLockResult.txt",
			);
			runOnlyForDeploymentPostprocessing = 0;
			shellPath = /bin/sh;
			shellScript = "diff \"${PODS_PODFILE_DIR_PATH}/Podfile.lock\" \"${PODS_ROOT}/Manifest.lock\" > /dev/null\nif [ $? != 0 ] ; then\n    # print error to STDERR\n    echo \"error: The sandbox is not in sync with the Podfile.lock. Run 'pod install' or update your CocoaPods installation.\" >&2\n    exit 1\nfi\n# This output is used by Xcode 'outputs' to avoid re-running this script phase.\necho \"SUCCESS\" > \"${SCRIPT_OUTPUT_FILE_0}\"\n";
			showEnvVarsInLog = 0;
		};
		477E205565694053916ABC6A /* [CP] Copy Pods Resources */ = {
			isa = PBXShellScriptBuildPhase;
			buildActionMask = 2147483647;
			files = (
			);
			inputPaths = (
				"${SRCROOT}/Pods/Target Support Files/Pods-NJDHome/Pods-NJDHome-resources.sh",
				"${PODS_ROOT}/MJRefresh/MJRefresh/MJRefresh.bundle",
				"${PODS_ROOT}/SAMCategories/SAMCategories/SAMCategories.bundle",
			);
			name = "[CP] Copy Pods Resources";
			outputPaths = (
				"${TARGET_BUILD_DIR}/${UNLOCALIZED_RESOURCES_FOLDER_PATH}",
			);
			runOnlyForDeploymentPostprocessing = 0;
			shellPath = /bin/sh;
			shellScript = "\"${SRCROOT}/Pods/Target Support Files/Pods-NJDHome/Pods-NJDHome-resources.sh\"\n";
			showEnvVarsInLog = 0;
		};
		DE4033CBABE635F0AB6F9F8C /* [CP] Embed Pods Frameworks */ = {
			isa = PBXShellScriptBuildPhase;
			buildActionMask = 2147483647;
			files = (
			);
			inputPaths = (
				"${SRCROOT}/Pods/Target Support Files/Pods-NJDHome/Pods-NJDHome-frameworks.sh",
				"${BUILT_PRODUCTS_DIR}/AFNetworking/AFNetworking.framework",
				"${BUILT_PRODUCTS_DIR}/BNRSDKLib/BNRSDKLib.framework",
				"${BUILT_PRODUCTS_DIR}/FMDB/FMDB.framework",
				"${BUILT_PRODUCTS_DIR}/MBProgressHUD/MBProgressHUD.framework",
				"${BUILT_PRODUCTS_DIR}/MJRefresh/MJRefresh.framework",
				"${BUILT_PRODUCTS_DIR}/MagicalRecord/MagicalRecord.framework",
				"${BUILT_PRODUCTS_DIR}/Masonry/Masonry.framework",
				"${BUILT_PRODUCTS_DIR}/ReactiveCocoa/ReactiveCocoa.framework",
				"${BUILT_PRODUCTS_DIR}/SAMCategories/SAMCategories.framework",
				"${BUILT_PRODUCTS_DIR}/SDWebImage/SDWebImage.framework",
				"${BUILT_PRODUCTS_DIR}/YTKKeyValueStore/YTKKeyValueStore.framework",
				"${BUILT_PRODUCTS_DIR}/YYKit/YYKit.framework",
			);
			name = "[CP] Embed Pods Frameworks";
			outputPaths = (
				"${TARGET_BUILD_DIR}/${FRAMEWORKS_FOLDER_PATH}/AFNetworking.framework",
				"${TARGET_BUILD_DIR}/${FRAMEWORKS_FOLDER_PATH}/BNRSDKLib.framework",
				"${TARGET_BUILD_DIR}/${FRAMEWORKS_FOLDER_PATH}/FMDB.framework",
				"${TARGET_BUILD_DIR}/${FRAMEWORKS_FOLDER_PATH}/MBProgressHUD.framework",
				"${TARGET_BUILD_DIR}/${FRAMEWORKS_FOLDER_PATH}/MJRefresh.framework",
				"${TARGET_BUILD_DIR}/${FRAMEWORKS_FOLDER_PATH}/MagicalRecord.framework",
				"${TARGET_BUILD_DIR}/${FRAMEWORKS_FOLDER_PATH}/Masonry.framework",
				"${TARGET_BUILD_DIR}/${FRAMEWORKS_FOLDER_PATH}/ReactiveCocoa.framework",
				"${TARGET_BUILD_DIR}/${FRAMEWORKS_FOLDER_PATH}/SAMCategories.framework",
				"${TARGET_BUILD_DIR}/${FRAMEWORKS_FOLDER_PATH}/SDWebImage.framework",
				"${TARGET_BUILD_DIR}/${FRAMEWORKS_FOLDER_PATH}/YTKKeyValueStore.framework",
				"${TARGET_BUILD_DIR}/${FRAMEWORKS_FOLDER_PATH}/YYKit.framework",
			);
			runOnlyForDeploymentPostprocessing = 0;
			shellPath = /bin/sh;
			shellScript = "\"${SRCROOT}/Pods/Target Support Files/Pods-NJDHome/Pods-NJDHome-frameworks.sh\"\n";
			showEnvVarsInLog = 0;
		};
/* End PBXShellScriptBuildPhase section */

/* Begin PBXSourcesBuildPhase section */
		19B707DC1F7E2E2E0086C565 /* Sources */ = {
			isa = PBXSourcesBuildPhase;
			buildActionMask = 2147483647;
			files = (
				1B219C3D1F827FD4007FFEA5 /* HETForgetPasswordOneController.m in Sources */,
				1BB776861F84C0BF0029A861 /* DayPicker.m in Sources */,
				1B0260B41F820A79000A4411 /* ModifyPswVC.m in Sources */,
				1BF3C2701F835930009F07CC /* AddAddressView.m in Sources */,
				1BD82C6B1F81437E006D6ADC /* NJDPersonInfoMO+CoreDataClass.m in Sources */,
				1BB776921F851FC10029A861 /* SubmitCell5.m in Sources */,
				1976ECF51F7F78B700A15BE4 /* NetworkingManager.m in Sources */,
				1B0260AE1F81E4F8000A4411 /* FDOrPTYHVC.m in Sources */,
				1976ECE21F7F49C200A15BE4 /* UserInfo.m in Sources */,
				1976ECBA1F7F26BC00A15BE4 /* LoginViewController.m in Sources */,
				1BD459F61F7FC3B800A5B031 /* NJDNavgationController.m in Sources */,
				19B707FD1F7E35FC0086C565 /* AppDelegate.m in Sources */,
				1BAE264A1F80AA21004D3F22 /* NJDPopLoading.m in Sources */,
				1BD459FB1F7FF94400A5B031 /* RegisterVC.m in Sources */,
				19B707E81F7E2E2E0086C565 /* LoginVC.m in Sources */,
				1B219C3E1F827FD7007FFEA5 /* HETForgetPasswordThreeController.m in Sources */,
				1BB7768E1F84FE360029A861 /* ChilderSubmitView.m in Sources */,
				1976ECE11F7F49C200A15BE4 /* RoleInfo.m in Sources */,
				1BD82C371F81354B006D6ADC /* NSManagedObject+EntityBugFix.m in Sources */,
				1BD459F11F7FC06D00A5B031 /* NJDBaseController.m in Sources */,
				1BD82C3A1F8135EC006D6ADC /* Model.xcdatamodeld in Sources */,
				1976ECE01F7F49C200A15BE4 /* PersonInfo.m in Sources */,
				1BB776971F8530CD0029A861 /* imgsCell.m in Sources */,
				1BF3C2671F8334AA009F07CC /* HouseManagerVC.m in Sources */,
				1BDFB5361F83EA82006012F7 /* SubmitVC.m in Sources */,
				1BDEABF01F84758600B61640 /* SubmitCell1.m in Sources */,
				1976ECD71F7F3F7500A15BE4 /* TrafficAssistantViewController.m in Sources */,
				1BD459F21F7FC07000A5B031 /* GlobleMacro.m in Sources */,
				1976ECEE1F7F76FA00A15BE4 /* RenterViewController.m in Sources */,
				1BD82C701F814394006D6ADC /* NJDUserInfoMO+CoreDataProperties.m in Sources */,
				1BC4B8EE1F824E4500CFCD2B /* AppDelegate+Login.m in Sources */,
				1BB776831F847E130029A861 /* SubmitCell.m in Sources */,
				1BDEABF51F847A1A00B61640 /* SubmitCell2.m in Sources */,
				1BF3C2731F83ACF0009F07CC /* PickView1.m in Sources */,
				1BAE264E1F80AA90004D3F22 /* HETSleepActivityIndicatorView.m in Sources */,
				1BD82C6E1F81438D006D6ADC /* NJDRoleInfoMO+CoreDataProperties.m in Sources */,
				1BD82C321F810624006D6ADC /* NSString+Utils.m in Sources */,
				1BD82C6C1F814382006D6ADC /* NJDPersonInfoMO+CoreDataProperties.m in Sources */,
				1BDEABFA1F847CAF00B61640 /* BNRTapLabel.m in Sources */,
				1B219C401F827FDD007FFEA5 /* HETForgetPasswordViewModel.m in Sources */,
				19B707F31F7E2E2E0086C565 /* main.m in Sources */,
				1BD82C6D1F814388006D6ADC /* NJDRoleInfoMO+CoreDataClass.m in Sources */,
				1BDEABFE1F847CE500B61640 /* SubmitCell3.m in Sources */,
				1BD82C6F1F814391006D6ADC /* NJDUserInfoMO+CoreDataClass.m in Sources */,
				1976ECF41F7F77ED00A15BE4 /* WindowClerkViewController.m in Sources */,
				1B219C3F1F827FDA007FFEA5 /* HETForgetPasswordTwoController.m in Sources */,
				1BAE264B1F80AA26004D3F22 /* NJDRefreshHeader.m in Sources */,
				1BAE26551F80C090004D3F22 /* IDCardVC.m in Sources */,
				1BC5FFD81F86051E0088EBFD /* TermVC.m in Sources */,
				1B0260B11F81FE13000A4411 /* SettingVC.m in Sources */,
				1BB7768A1F84F8100029A861 /* SubmitCell4.m in Sources */,
				1BAE26511F80AC0A004D3F22 /* MBProgressHUD+NJDProgressHUD.m in Sources */,
				1976ECF11F7F770900A15BE4 /* LandlordViewController.m in Sources */,
				1BF3C26B1F834AA5009F07CC /* AddressSelectView.m in Sources */,
			);
			runOnlyForDeploymentPostprocessing = 0;
		};
/* End PBXSourcesBuildPhase section */

/* Begin PBXVariantGroup section */
		19B707E91F7E2E2E0086C565 /* Main.storyboard */ = {
			isa = PBXVariantGroup;
			children = (
				19B707EA1F7E2E2E0086C565 /* Base */,
			);
			name = Main.storyboard;
			sourceTree = "<group>";
		};
		19B707EE1F7E2E2E0086C565 /* LaunchScreen.storyboard */ = {
			isa = PBXVariantGroup;
			children = (
				19B707EF1F7E2E2E0086C565 /* Base */,
			);
			name = LaunchScreen.storyboard;
			sourceTree = "<group>";
		};
/* End PBXVariantGroup section */

/* Begin XCBuildConfiguration section */
		19B707F41F7E2E2E0086C565 /* Debug */ = {
			isa = XCBuildConfiguration;
			buildSettings = {
				ALWAYS_SEARCH_USER_PATHS = NO;
				CLANG_ANALYZER_NONNULL = YES;
				CLANG_ANALYZER_NUMBER_OBJECT_CONVERSION = YES_AGGRESSIVE;
				CLANG_CXX_LANGUAGE_STANDARD = "gnu++14";
				CLANG_CXX_LIBRARY = "libc++";
				CLANG_ENABLE_MODULES = YES;
				CLANG_ENABLE_OBJC_ARC = YES;
				CLANG_WARN_BLOCK_CAPTURE_AUTORELEASING = YES;
				CLANG_WARN_BOOL_CONVERSION = YES;
				CLANG_WARN_COMMA = YES;
				CLANG_WARN_CONSTANT_CONVERSION = YES;
				CLANG_WARN_DIRECT_OBJC_ISA_USAGE = YES_ERROR;
				CLANG_WARN_DOCUMENTATION_COMMENTS = YES;
				CLANG_WARN_EMPTY_BODY = YES;
				CLANG_WARN_ENUM_CONVERSION = YES;
				CLANG_WARN_INFINITE_RECURSION = YES;
				CLANG_WARN_INT_CONVERSION = YES;
				CLANG_WARN_NON_LITERAL_NULL_CONVERSION = YES;
				CLANG_WARN_OBJC_LITERAL_CONVERSION = YES;
				CLANG_WARN_OBJC_ROOT_CLASS = YES_ERROR;
				CLANG_WARN_RANGE_LOOP_ANALYSIS = YES;
				CLANG_WARN_STRICT_PROTOTYPES = YES;
				CLANG_WARN_SUSPICIOUS_MOVE = YES;
				CLANG_WARN_UNGUARDED_AVAILABILITY = YES_AGGRESSIVE;
				CLANG_WARN_UNREACHABLE_CODE = YES;
				CLANG_WARN__DUPLICATE_METHOD_MATCH = YES;
				CODE_SIGN_IDENTITY = "iPhone Developer";
				COPY_PHASE_STRIP = NO;
				DEBUG_INFORMATION_FORMAT = dwarf;
				ENABLE_STRICT_OBJC_MSGSEND = YES;
				ENABLE_TESTABILITY = YES;
				GCC_C_LANGUAGE_STANDARD = gnu11;
				GCC_DYNAMIC_NO_PIC = NO;
				GCC_NO_COMMON_BLOCKS = YES;
				GCC_OPTIMIZATION_LEVEL = 0;
				GCC_PREPROCESSOR_DEFINITIONS = (
					"DEBUG=1",
					"$(inherited)",
				);
				GCC_WARN_64_TO_32_BIT_CONVERSION = YES;
				GCC_WARN_ABOUT_RETURN_TYPE = YES_ERROR;
				GCC_WARN_UNDECLARED_SELECTOR = YES;
				GCC_WARN_UNINITIALIZED_AUTOS = YES_AGGRESSIVE;
				GCC_WARN_UNUSED_FUNCTION = YES;
				GCC_WARN_UNUSED_VARIABLE = YES;
				IPHONEOS_DEPLOYMENT_TARGET = 11.0;
				MTL_ENABLE_DEBUG_INFO = YES;
				ONLY_ACTIVE_ARCH = YES;
				SDKROOT = iphoneos;
			};
			name = Debug;
		};
		19B707F51F7E2E2E0086C565 /* Release */ = {
			isa = XCBuildConfiguration;
			buildSettings = {
				ALWAYS_SEARCH_USER_PATHS = NO;
				CLANG_ANALYZER_NONNULL = YES;
				CLANG_ANALYZER_NUMBER_OBJECT_CONVERSION = YES_AGGRESSIVE;
				CLANG_CXX_LANGUAGE_STANDARD = "gnu++14";
				CLANG_CXX_LIBRARY = "libc++";
				CLANG_ENABLE_MODULES = YES;
				CLANG_ENABLE_OBJC_ARC = YES;
				CLANG_WARN_BLOCK_CAPTURE_AUTORELEASING = YES;
				CLANG_WARN_BOOL_CONVERSION = YES;
				CLANG_WARN_COMMA = YES;
				CLANG_WARN_CONSTANT_CONVERSION = YES;
				CLANG_WARN_DIRECT_OBJC_ISA_USAGE = YES_ERROR;
				CLANG_WARN_DOCUMENTATION_COMMENTS = YES;
				CLANG_WARN_EMPTY_BODY = YES;
				CLANG_WARN_ENUM_CONVERSION = YES;
				CLANG_WARN_INFINITE_RECURSION = YES;
				CLANG_WARN_INT_CONVERSION = YES;
				CLANG_WARN_NON_LITERAL_NULL_CONVERSION = YES;
				CLANG_WARN_OBJC_LITERAL_CONVERSION = YES;
				CLANG_WARN_OBJC_ROOT_CLASS = YES_ERROR;
				CLANG_WARN_RANGE_LOOP_ANALYSIS = YES;
				CLANG_WARN_STRICT_PROTOTYPES = YES;
				CLANG_WARN_SUSPICIOUS_MOVE = YES;
				CLANG_WARN_UNGUARDED_AVAILABILITY = YES_AGGRESSIVE;
				CLANG_WARN_UNREACHABLE_CODE = YES;
				CLANG_WARN__DUPLICATE_METHOD_MATCH = YES;
				CODE_SIGN_IDENTITY = "iPhone Developer";
				COPY_PHASE_STRIP = NO;
				DEBUG_INFORMATION_FORMAT = "dwarf-with-dsym";
				ENABLE_NS_ASSERTIONS = NO;
				ENABLE_STRICT_OBJC_MSGSEND = YES;
				GCC_C_LANGUAGE_STANDARD = gnu11;
				GCC_NO_COMMON_BLOCKS = YES;
				GCC_WARN_64_TO_32_BIT_CONVERSION = YES;
				GCC_WARN_ABOUT_RETURN_TYPE = YES_ERROR;
				GCC_WARN_UNDECLARED_SELECTOR = YES;
				GCC_WARN_UNINITIALIZED_AUTOS = YES_AGGRESSIVE;
				GCC_WARN_UNUSED_FUNCTION = YES;
				GCC_WARN_UNUSED_VARIABLE = YES;
				IPHONEOS_DEPLOYMENT_TARGET = 11.0;
				MTL_ENABLE_DEBUG_INFO = NO;
				SDKROOT = iphoneos;
				VALIDATE_PRODUCT = YES;
			};
			name = Release;
		};
		19B707F71F7E2E2E0086C565 /* Debug */ = {
			isa = XCBuildConfiguration;
			baseConfigurationReference = 09D79BB739306A2B5A9B0F0A /* Pods-NJDHome.debug.xcconfig */;
			buildSettings = {
				ASSETCATALOG_COMPILER_APPICON_NAME = AppIcon;
				CLANG_ALLOW_NON_MODULAR_INCLUDES_IN_FRAMEWORK_MODULES = YES;
				CLANG_ENABLE_MODULES = YES;
				"CODE_SIGN_IDENTITY[sdk=iphoneos*]" = "iPhone Developer";
				CODE_SIGN_STYLE = Manual;
				DEVELOPMENT_TEAM = WU2WFZ2B66;
				GCC_PREFIX_HEADER = "$(SRCROOT)/NJDHome/Helper/Globle/DJDHome.pch";
				INFOPLIST_FILE = NJDHome/Info.plist;
				IPHONEOS_DEPLOYMENT_TARGET = 8.0;
				LD_RUNPATH_SEARCH_PATHS = "$(inherited) @executable_path/Frameworks";
				PRODUCT_BUNDLE_IDENTIFIER = com.yy.NJDHome;
				PRODUCT_NAME = "$(TARGET_NAME)";
				PROVISIONING_PROFILE = "36a6ac01-fcd5-4651-ae2e-360e27d00ac0";
				PROVISIONING_PROFILE_SPECIFIER = developAll;
				TARGETED_DEVICE_FAMILY = 1;
			};
			name = Debug;
		};
		19B707F81F7E2E2E0086C565 /* Release */ = {
			isa = XCBuildConfiguration;
			baseConfigurationReference = BB196FD89180E5F2CC770622 /* Pods-NJDHome.release.xcconfig */;
			buildSettings = {
				ASSETCATALOG_COMPILER_APPICON_NAME = AppIcon;
				CLANG_ALLOW_NON_MODULAR_INCLUDES_IN_FRAMEWORK_MODULES = YES;
				CLANG_ENABLE_MODULES = YES;
				"CODE_SIGN_IDENTITY[sdk=iphoneos*]" = "iPhone Developer";
				CODE_SIGN_STYLE = Manual;
				DEVELOPMENT_TEAM = WU2WFZ2B66;
				GCC_PREFIX_HEADER = "$(SRCROOT)/NJDHome/Helper/Globle/DJDHome.pch";
				INFOPLIST_FILE = NJDHome/Info.plist;
				IPHONEOS_DEPLOYMENT_TARGET = 8.0;
				LD_RUNPATH_SEARCH_PATHS = "$(inherited) @executable_path/Frameworks";
				PRODUCT_BUNDLE_IDENTIFIER = com.yy.NJDHome;
				PRODUCT_NAME = "$(TARGET_NAME)";
				PROVISIONING_PROFILE = "36a6ac01-fcd5-4651-ae2e-360e27d00ac0";
				PROVISIONING_PROFILE_SPECIFIER = developAll;
				TARGETED_DEVICE_FAMILY = 1;
			};
			name = Release;
		};
/* End XCBuildConfiguration section */

/* Begin XCConfigurationList section */
		19B707DB1F7E2E2E0086C565 /* Build configuration list for PBXProject "NJDHome" */ = {
			isa = XCConfigurationList;
			buildConfigurations = (
				19B707F41F7E2E2E0086C565 /* Debug */,
				19B707F51F7E2E2E0086C565 /* Release */,
			);
			defaultConfigurationIsVisible = 0;
			defaultConfigurationName = Release;
		};
		19B707F61F7E2E2E0086C565 /* Build configuration list for PBXNativeTarget "NJDHome" */ = {
			isa = XCConfigurationList;
			buildConfigurations = (
				19B707F71F7E2E2E0086C565 /* Debug */,
				19B707F81F7E2E2E0086C565 /* Release */,
			);
			defaultConfigurationIsVisible = 0;
			defaultConfigurationName = Release;
		};
/* End XCConfigurationList section */

/* Begin XCVersionGroup section */
		1BD82C381F8135EC006D6ADC /* Model.xcdatamodeld */ = {
			isa = XCVersionGroup;
			children = (
				1BD82C391F8135EC006D6ADC /* Model.xcdatamodel */,
			);
			currentVersion = 1BD82C391F8135EC006D6ADC /* Model.xcdatamodel */;
			path = Model.xcdatamodeld;
			sourceTree = "<group>";
			versionGroupType = wrapper.xcdatamodel;
		};
/* End XCVersionGroup section */
	};
	rootObject = 19B707D81F7E2E2E0086C565 /* Project object */;
}
